{
  "nodes": {
    "dwm": {
      "flake": false,
      "locked": {
        "lastModified": 1783882518,
        "narHash": "sha256-SEBXmqfbZcJke2xUEFIhPp7KzJpUMN/qXpyTE0bgSfY=",
        "owner": "7zo7zo7zo",
        "repo": "dwm-temp",
        "rev": "fc653bda57b4f97a1212d04345f066c1a33f6849",
        "type": "github"
      },
      "original": {
        "owner": "7zo7zo7zo",
        "repo": "dwm-temp",
        "type": "github"
      }
    },
    "dwmblocks": {
      "flake": false,
      "locked": {
        "lastModified": 1779172360,
        "narHash": "sha256-J8SF1IFZZhoaLZck5PIz5NX/jOR/ERp6h0TlP6obVM8=",
        "owner": "7zo7zo7zo",
        "repo": "dwmblocks",
        "rev": "2b0a80e3dbd90d6d265ef7be33c79faf376bca4a",
        "type": "github"
      },
      "original": {
        "owner": "7zo7zo7zo",
        "repo": "dwmblocks",
        "type": "github"
      }
    },
    "flake-aspects": {
      "locked": {
        "lastModified": 1773552804,
        "narHash": "sha256-a0kjpCZGnD5lt7yW6C3hzPhSf5KjnTyvX6XZ2NuhGs4=",
        "owner": "vic",
        "repo": "flake-aspects",
        "rev": "56fa8d4d4772d58eb7f9d66c28c1cd2762b60423",
        "type": "github"
      },
      "original": {
        "owner": "vic",
        "repo": "flake-aspects",
        "type": "github"
      }
    },
    "flake-parts": {
      "inputs": {
        "nixpkgs-lib": [
          "nixpkgs"
        ]
      },
      "locked": {
        "lastModified": 1785627969,
        "narHash": "sha256-4dtXQk/NMePegK/nWp5NSeuZKLATItOq61lpEvmXqGw=",
        "owner": "hercules-ci",
        "repo": "flake-parts",
        "rev": "427bf4bd9435fdf21321c8cc628c24efc14c0f7a",
        "type": "github"
      },
      "original": {
        "owner": "hercules-ci",
        "repo": "flake-parts",
        "type": "github"
      }
    },
    "home-manager": {
      "inputs": {
        "nixpkgs": [
          "nixpkgs"
        ]
      },
      "locked": {
        "lastModified": 1786826571,
        "narHash": "sha256-nNqmXIFmESRnU91KARtiekSox0+o+E3AS0d1TuUQ/9o=",
        "owner": "nix-community",
        "repo": "home-manager",
        "rev": "c8058ecc1329a71a3c99c4d0353dba4009a66152",
        "type": "github"
      },
      "original": {
        "owner": "nix-community",
        "repo": "home-manager",
        "type": "github"
      }
    },
    "import-tree": {
      "locked": {
        "lastModified": 1784254960,
        "narHash": "sha256-iI88R3wHz8wTKQb5orvpc51L/Xr64AJyxid/0MKa/b8=",
        "owner": "vic",
        "repo": "import-tree",
        "rev": "4ebb10ae17d5f1ad366e7aef5b92cb8eecf24f69",
        "type": "github"
      },
      "original": {
        "owner": "vic",
        "repo": "import-tree",
        "type": "github"
      }
    },
    "nixpkgs": {
      "locked": {
        "lastModified": 1786599213,
        "narHash": "sha256-yjGG65gA1jORt0hWxjzrnw3AYkIn8EWolp8vezwXZ3I=",
        "rev": "0e251e24a4f24e036a084b6b4b2d2491af4167f4",
        "type": "tarball",
        "url": "https://releases.nixos.org/nixos/unstable/nixos-26.11pre1053317.0e251e24a4f2/nixexprs.tar.xz"
      },
      "original": {
        "id": "nixpkgs",
        "ref": "nixos-unstable",
        "type": "indirect"
      }
    },
    "root": {
      "inputs": {
        "dwm": "dwm",
        "dwmblocks": "dwmblocks",
        "flake-aspects": "flake-aspects",
        "flake-parts": "flake-parts",
        "home-manager": "home-manager",
        "import-tree": "import-tree",
        "nixpkgs": "nixpkgs",
        "st": "st"
      }
    },
    "st": {
      "flake": false,
      "locked": {
        "lastModified": 1779848264,
        "narHash": "sha256-f93Bqu+SPnoRSV7CCSBb8N+yiFo47QJJ3KVQvmpChzE=",
        "owner": "7zo7zo7zo",
        "repo": "st-temp",
        "rev": "570967c35658fe5372aab91da3e5f40bd6069267",
        "type": "github"
      },
      "original": {
        "owner": "7zo7zo7zo",
        "repo": "st-temp",
        "type": "github"
      }
    }
  },
  "root": "root",
  "version": 7
}
